
Microsoft Visual Studio Solution File, Format Version 12.00
# Visual Studio Version 16
VisualStudioVersion = 16.0.29326.143
MinimumVisualStudioVersion = 10.0.40219.1
Project("{9A19103F-16F7-4668-BE54-9A1E7A4F7556}") = "Avram_Maria_Lab2", "Avram_Maria_Lab2.csproj", "{0E9491B6-314A-4EA0-878D-5792D95D41EE}"
EndProject
Project("{9A19103F-16F7-4668-BE54-9A1E7A4F7556}") = "LibraryModel", "LibraryModel\LibraryModel.csproj", "{C697DB53-5588-488D-A1E7-3C7E0F3BC926}"
EndProject
Project("{FAE04EC0-301F-11D3-BF4B-00C04F79EFBC}") = "LibraryWebAPI", "LibraryWebAPI\LibraryWebAPI.csproj", "{4026A1A2-B1A7-4988-857D-0EFF6D1268CC}"
EndProject
Global
	GlobalSection(SolutionConfigurationPlatforms) = preSolution
		Debug|Any CPU = Debug|Any CPU
		Release|Any CPU = Release|Any CPU
	EndGlobalSection
	GlobalSection(ProjectConfigurationPlatforms) = postSolution
		{0E9491B6-314A-4EA0-878D-5792D95D41EE}.Debug|Any CPU.ActiveCfg = Debug|Any CPU
		{0E9491B6-314A-4EA0-878D-5792D95D41EE}.Debug|Any CPU.Build.0 = Debug|Any CPU
		{0E9491B6-314A-4EA0-878D-5792D95D41EE}.Release|Any CPU.ActiveCfg = Release|Any CPU
		{0E9491B6-314A-4EA0-878D-5792D95D41EE}.Release|Any CPU.Build.0 = Release|Any CPU
		{C697DB53-5588-488D-A1E7-3C7E0F3BC926}.Debug|Any CPU.ActiveCfg = Debug|Any CPU
		{C697DB53-5588-488D-A1E7-3C7E0F3BC926}.Debug|Any CPU.Build.0 = Debug|Any CPU
		{C697DB53-5588-488D-A1E7-3C7E0F3BC926}.Release|Any CPU.ActiveCfg = Release|Any CPU
		{C697DB53-5588-488D-A1E7-3C7E0F3BC926}.Release|Any CPU.Build.0 = Release|Any CPU
		{4026A1A2-B1A7-4988-857D-0EFF6D1268CC}.Debug|Any CPU.ActiveCfg = Debug|Any CPU
		{4026A1A2-B1A7-4988-857D-0EFF6D1268CC}.Debug|Any CPU.Build.0 = Debug|Any CPU
		{4026A1A2-B1A7-4988-857D-0EFF6D1268CC}.Release|Any CPU.ActiveCfg = Release|Any CPU
		{4026A1A2-B1A7-4988-857D-0EFF6D1268CC}.Release|Any CPU.Build.0 = Release|Any CPU
	EndGlobalSection
	GlobalSection(SolutionProperties) = preSolution
		HideSolutionNode = FALSE
	EndGlobalSection
	GlobalSection(ExtensibilityGlobals) = postSolution
		SolutionGuid = {89928B0C-6CD2-4E6A-AC01-8FA7A524D6D5}
	EndGlobalSection
EndGlobal
